
Microsoft Visual Studio Solution File, Format Version 12.00
# Visual Studio Version 17
VisualStudioVersion = 17.8.34316.72
MinimumVisualStudioVersion = 10.0.40219.1
Project("{8BC9CEB8-8B4A-11D0-8D11-00A0C91BC942}") = "POproj1", "POproj1.vcxproj", "{971B80F7-86A7-4ACC-AE3A-4D9510E655A7}"
EndProject
Global
	GlobalSection(SolutionConfigurationPlatforms) = preSolution
		Debug|x64 = Debug|x64
		Debug|x86 = Debug|x86
		Release|x64 = Release|x64
		Release|x86 = Release|x86
	EndGlobalSection
	GlobalSection(ProjectConfigurationPlatforms) = postSolution
		{971B80F7-86A7-4ACC-AE3A-4D9510E655A7}.Debug|x64.ActiveCfg = Debug|x64
		{971B80F7-86A7-4ACC-AE3A-4D9510E655A7}.Debug|x64.Build.0 = Debug|x64
		{971B80F7-86A7-4ACC-AE3A-4D9510E655A7}.Debug|x86.ActiveCfg = Debug|Win32
		{971B80F7-86A7-4ACC-AE3A-4D9510E655A7}.Debug|x86.Build.0 = Debug|Win32
		{971B80F7-86A7-4ACC-AE3A-4D9510E655A7}.Release|x64.ActiveCfg = Release|x64
		{971B80F7-86A7-4ACC-AE3A-4D9510E655A7}.Release|x64.Build.0 = Release|x64
		{971B80F7-86A7-4ACC-AE3A-4D9510E655A7}.Release|x86.ActiveCfg = Release|Win32
		{971B80F7-86A7-4ACC-AE3A-4D9510E655A7}.Release|x86.Build.0 = Release|Win32
	EndGlobalSection
	GlobalSection(SolutionProperties) = preSolution
		HideSolutionNode = FALSE
	EndGlobalSection
	GlobalSection(ExtensibilityGlobals) = postSolution
		SolutionGuid = {3A898F1B-2910-40C9-AA89-6B9E05CBA32A}
	EndGlobalSection
EndGlobal
